PODS:
  - ZUICollectionViewHeaderHoveringFlowLayout (0.2.0)

DEPENDENCIES:
  - ZUICollectionViewHeaderHoveringFlowLayout (from `../`)

EXTERNAL SOURCES:
  ZUICollectionViewHeaderHoveringFlowLayout:
    :path: "../"

SPEC CHECKSUMS:
  ZUICollectionViewHeaderHoveringFlowLayout: a871c94250875a24f1376624e1c5077cdaa2402a

PODFILE CHECKSUM: caf8b1e9a0f33dee0e4f60c1ef25f94daf7306e5

COCOAPODS: 1.5.3
