PODS:
  - ZUICollectionViewHeaderHoveringFlowLayout (0.1.2)

DEPENDENCIES:
  - ZUICollectionViewHeaderHoveringFlowLayout (from `../`)

EXTERNAL SOURCES:
  ZUICollectionViewHeaderHoveringFlowLayout:
    :path: "../"

SPEC CHECKSUMS:
  ZUICollectionViewHeaderHoveringFlowLayout: 08999ad236293560922a6685ab5d7a2f0cc45e36

PODFILE CHECKSUM: caf8b1e9a0f33dee0e4f60c1ef25f94daf7306e5

COCOAPODS: 1.5.3
